
Microsoft Visual Studio Solution File, Format Version 12.00
# Visual Studio 16
Project("{FAE04EC0-301F-11D3-BF4B-00C04F79EFBC}") = "Assembly-CSharp", "Assembly-CSharp.csproj", "{336714EA-28C9-8D7D-1E28-FA85A0EEF410}"
EndProject
Project("{FAE04EC0-301F-11D3-BF4B-00C04F79EFBC}") = "Assembly-CSharp-Editor", "Assembly-CSharp-Editor.csproj", "{F94F230A-843D-4C73-9693-248B09850780}"
EndProject
Global
	GlobalSection(SolutionConfigurationPlatforms) = preSolution
		Debug|Any CPU = Debug|Any CPU
		Release|Any CPU = Release|Any CPU
	EndGlobalSection
	GlobalSection(ProjectConfigurationPlatforms) = postSolution
		{336714EA-28C9-8D7D-1E28-FA85A0EEF410}.Debug|Any CPU.ActiveCfg = Debug|Any CPU
		{336714EA-28C9-8D7D-1E28-FA85A0EEF410}.Debug|Any CPU.Build.0 = Debug|Any CPU
		{336714EA-28C9-8D7D-1E28-FA85A0EEF410}.Release|Any CPU.ActiveCfg = Release|Any CPU
		{336714EA-28C9-8D7D-1E28-FA85A0EEF410}.Release|Any CPU.Build.0 = Release|Any CPU
		{F94F230A-843D-4C73-9693-248B09850780}.Debug|Any CPU.ActiveCfg = Debug|Any CPU
		{F94F230A-843D-4C73-9693-248B09850780}.Debug|Any CPU.Build.0 = Debug|Any CPU
		{F94F230A-843D-4C73-9693-248B09850780}.Release|Any CPU.ActiveCfg = Release|Any CPU
		{F94F230A-843D-4C73-9693-248B09850780}.Release|Any CPU.Build.0 = Release|Any CPU
	EndGlobalSection
	GlobalSection(SolutionProperties) = preSolution
		HideSolutionNode = FALSE
	EndGlobalSection
EndGlobal
